
Microsoft Visual Studio Solution File, Format Version 12.00
# Visual Studio Version 16
VisualStudioVersion = 16.0.29306.81
MinimumVisualStudioVersion = 10.0.40219.1
Project("{FAE04EC0-301F-11D3-BF4B-00C04F79EFBC}") = "ModbusRTU", "ModbusRTU\ModbusRTU.csproj", "{95FA1868-A3A1-4B61-9437-376441FE038D}"
EndProject
Project("{2150E333-8FDC-42A3-9474-1A3956D46DE8}") = "Solution Items", "Solution Items", "{BB3376F3-567B-40B0-8C81-8AC6964CA79B}"
EndProject
Global
	GlobalSection(SolutionConfigurationPlatforms) = preSolution
		Debug|Any CPU = Debug|Any CPU
		Release|Any CPU = Release|Any CPU
	EndGlobalSection
	GlobalSection(ProjectConfigurationPlatforms) = postSolution
		{95FA1868-A3A1-4B61-9437-376441FE038D}.Debug|Any CPU.ActiveCfg = Debug|Any CPU
		{95FA1868-A3A1-4B61-9437-376441FE038D}.Debug|Any CPU.Build.0 = Debug|Any CPU
		{95FA1868-A3A1-4B61-9437-376441FE038D}.Release|Any CPU.ActiveCfg = Release|Any CPU
		{95FA1868-A3A1-4B61-9437-376441FE038D}.Release|Any CPU.Build.0 = Release|Any CPU
	EndGlobalSection
	GlobalSection(SolutionProperties) = preSolution
		HideSolutionNode = FALSE
	EndGlobalSection
	GlobalSection(ExtensibilityGlobals) = postSolution
		SolutionGuid = {7FB412AD-1D7C-40ED-9B0D-19AFEF2F3F31}
	EndGlobalSection
EndGlobal
